// !$*UTF8*$!
{
	archiveVersion = 1;
	classes = {
	};
	objectVersion = 50;
	objects = {

/* Begin PBXBuildFile section */
		9BC3AB1FD942CBE695B32D71 /* Pods_Codable_MVVM_POP.framework in Frameworks */ = {isa = PBXBuildFile; fileRef = BE55FABD06C84646164AD758 /* Pods_Codable_MVVM_POP.framework */; };
		CDC2FB7E2285A81700518ECC /* AppDelegate.swift in Sources */ = {isa = PBXBuildFile; fileRef = CDC2FB7D2285A81700518ECC /* AppDelegate.swift */; };
		CDC2FB832285A81700518ECC /* Main.storyboard in Resources */ = {isa = PBXBuildFile; fileRef = CDC2FB812285A81700518ECC /* Main.storyboard */; };
		CDC2FB852285A81800518ECC /* Assets.xcassets in Resources */ = {isa = PBXBuildFile; fileRef = CDC2FB842285A81800518ECC /* Assets.xcassets */; };
		CDC2FB882285A81800518ECC /* LaunchScreen.storyboard in Resources */ = {isa = PBXBuildFile; fileRef = CDC2FB862285A81800518ECC /* LaunchScreen.storyboard */; };
		CDC2FBA32285A8A800518ECC /* AnimeListCell.swift in Sources */ = {isa = PBXBuildFile; fileRef = CDC2FB952285A8A700518ECC /* AnimeListCell.swift */; };
		CDC2FBA42285A8A800518ECC /* Bindable.swift in Sources */ = {isa = PBXBuildFile; fileRef = CDC2FB972285A8A700518ECC /* Bindable.swift */; };
		CDC2FBA52285A8A800518ECC /* Extensions+UIView.swift in Sources */ = {isa = PBXBuildFile; fileRef = CDC2FB982285A8A700518ECC /* Extensions+UIView.swift */; };
		CDC2FBA62285A8A800518ECC /* AnimeViewModel.swift in Sources */ = {isa = PBXBuildFile; fileRef = CDC2FB9A2285A8A700518ECC /* AnimeViewModel.swift */; };
		CDC2FBA72285A8A800518ECC /* AnimeListViewModel.swift in Sources */ = {isa = PBXBuildFile; fileRef = CDC2FB9B2285A8A700518ECC /* AnimeListViewModel.swift */; };
		CDC2FBA82285A8A800518ECC /* AnimeService.swift in Sources */ = {isa = PBXBuildFile; fileRef = CDC2FB9D2285A8A700518ECC /* AnimeService.swift */; };
		CDC2FBA92285A8A800518ECC /* AnimesController.swift in Sources */ = {isa = PBXBuildFile; fileRef = CDC2FB9F2285A8A800518ECC /* AnimesController.swift */; };
		CDC2FBAA2285A8A800518ECC /* DetailsAnimeController.swift in Sources */ = {isa = PBXBuildFile; fileRef = CDC2FBA02285A8A800518ECC /* DetailsAnimeController.swift */; };
		CDC2FBAB2285A8A800518ECC /* Anime.swift in Sources */ = {isa = PBXBuildFile; fileRef = CDC2FBA22285A8A800518ECC /* Anime.swift */; };
/* End PBXBuildFile section */

/* Begin PBXFileReference section */
		59214D5C73851DE448133796 /* Pods-Codable_MVVM_POP.debug.xcconfig */ = {isa = PBXFileReference; includeInIndex = 1; lastKnownFileType = text.xcconfig; name = "Pods-Codable_MVVM_POP.debug.xcconfig"; path = "Pods/Target Support Files/Pods-Codable_MVVM_POP/Pods-Codable_MVVM_POP.debug.xcconfig"; sourceTree = "<group>"; };
		BE55FABD06C84646164AD758 /* Pods_Codable_MVVM_POP.framework */ = {isa = PBXFileReference; explicitFileType = wrapper.framework; includeInIndex = 0; path = Pods_Codable_MVVM_POP.framework; sourceTree = BUILT_PRODUCTS_DIR; };
		CDC2FB7A2285A81700518ECC /* Codable_MVVM_POP.app */ = {isa = PBXFileReference; explicitFileType = wrapper.application; includeInIndex = 0; path = Codable_MVVM_POP.app; sourceTree = BUILT_PRODUCTS_DIR; };
		CDC2FB7D2285A81700518ECC /* AppDelegate.swift */ = {isa = PBXFileReference; lastKnownFileType = sourcecode.swift; path = AppDelegate.swift; sourceTree = "<group>"; };
		CDC2FB822285A81700518ECC /* Base */ = {isa = PBXFileReference; lastKnownFileType = file.storyboard; name = Base; path = Base.lproj/Main.storyboard; sourceTree = "<group>"; };
		CDC2FB842285A81800518ECC /* Assets.xcassets */ = {isa = PBXFileReference; lastKnownFileType = folder.assetcatalog; path = Assets.xcassets; sourceTree = "<group>"; };
		CDC2FB872285A81800518ECC /* Base */ = {isa = PBXFileReference; lastKnownFileType = file.storyboard; name = Base; path = Base.lproj/LaunchScreen.storyboard; sourceTree = "<group>"; };
		CDC2FB892285A81800518ECC /* Info.plist */ = {isa = PBXFileReference; lastKnownFileType = text.plist.xml; path = Info.plist; sourceTree = "<group>"; };
		CDC2FB952285A8A700518ECC /* AnimeListCell.swift */ = {isa = PBXFileReference; fileEncoding = 4; lastKnownFileType = sourcecode.swift; path = AnimeListCell.swift; sourceTree = "<group>"; };
		CDC2FB972285A8A700518ECC /* Bindable.swift */ = {isa = PBXFileReference; fileEncoding = 4; lastKnownFileType = sourcecode.swift; path = Bindable.swift; sourceTree = "<group>"; };
		CDC2FB982285A8A700518ECC /* Extensions+UIView.swift */ = {isa = PBXFileReference; fileEncoding = 4; lastKnownFileType = sourcecode.swift; path = "Extensions+UIView.swift"; sourceTree = "<group>"; };
		CDC2FB9A2285A8A700518ECC /* AnimeViewModel.swift */ = {isa = PBXFileReference; fileEncoding = 4; lastKnownFileType = sourcecode.swift; path = AnimeViewModel.swift; sourceTree = "<group>"; };
		CDC2FB9B2285A8A700518ECC /* AnimeListViewModel.swift */ = {isa = PBXFileReference; fileEncoding = 4; lastKnownFileType = sourcecode.swift; path = AnimeListViewModel.swift; sourceTree = "<group>"; };
		CDC2FB9D2285A8A700518ECC /* AnimeService.swift */ = {isa = PBXFileReference; fileEncoding = 4; lastKnownFileType = sourcecode.swift; path = AnimeService.swift; sourceTree = "<group>"; };
		CDC2FB9F2285A8A800518ECC /* AnimesController.swift */ = {isa = PBXFileReference; fileEncoding = 4; lastKnownFileType = sourcecode.swift; path = AnimesController.swift; sourceTree = "<group>"; };
		CDC2FBA02285A8A800518ECC /* DetailsAnimeController.swift */ = {isa = PBXFileReference; fileEncoding = 4; lastKnownFileType = sourcecode.swift; path = DetailsAnimeController.swift; sourceTree = "<group>"; };
		CDC2FBA22285A8A800518ECC /* Anime.swift */ = {isa = PBXFileReference; fileEncoding = 4; lastKnownFileType = sourcecode.swift; path = Anime.swift; sourceTree = "<group>"; };
		DF45747848E0EA79E3672111 /* Pods-Codable_MVVM_POP.release.xcconfig */ = {isa = PBXFileReference; includeInIndex = 1; lastKnownFileType = text.xcconfig; name = "Pods-Codable_MVVM_POP.release.xcconfig"; path = "Pods/Target Support Files/Pods-Codable_MVVM_POP/Pods-Codable_MVVM_POP.release.xcconfig"; sourceTree = "<group>"; };
/* End PBXFileReference section */

/* Begin PBXFrameworksBuildPhase section */
		CDC2FB772285A81700518ECC /* Frameworks */ = {
			isa = PBXFrameworksBuildPhase;
			buildActionMask = 2147483647;
			files = (
				9BC3AB1FD942CBE695B32D71 /* Pods_Codable_MVVM_POP.framework in Frameworks */,
			);
			runOnlyForDeploymentPostprocessing = 0;
		};
/* End PBXFrameworksBuildPhase section */

/* Begin PBXGroup section */
		2B66D3A886DE5A576A80A16A /* Pods */ = {
			isa = PBXGroup;
			children = (
				59214D5C73851DE448133796 /* Pods-Codable_MVVM_POP.debug.xcconfig */,
				DF45747848E0EA79E3672111 /* Pods-Codable_MVVM_POP.release.xcconfig */,
			);
			name = Pods;
			sourceTree = "<group>";
		};
		868D9A0D0D9FC91AB070165E /* Frameworks */ = {
			isa = PBXGroup;
			children = (
				BE55FABD06C84646164AD758 /* Pods_Codable_MVVM_POP.framework */,
			);
			name = Frameworks;
			sourceTree = "<group>";
		};
		CDC2FB712285A81700518ECC = {
			isa = PBXGroup;
			children = (
				CDC2FB7C2285A81700518ECC /* Codable_MVVM_POP */,
				CDC2FB7B2285A81700518ECC /* Products */,
				2B66D3A886DE5A576A80A16A /* Pods */,
				868D9A0D0D9FC91AB070165E /* Frameworks */,
			);
			sourceTree = "<group>";
		};
		CDC2FB7B2285A81700518ECC /* Products */ = {
			isa = PBXGroup;
			children = (
				CDC2FB7A2285A81700518ECC /* Codable_MVVM_POP.app */,
			);
			name = Products;
			sourceTree = "<group>";
		};
		CDC2FB7C2285A81700518ECC /* Codable_MVVM_POP */ = {
			isa = PBXGroup;
			children = (
				CDC2FB9E2285A8A800518ECC /* Controller */,
				CDC2FBA12285A8A800518ECC /* Model */,
				CDC2FB9C2285A8A700518ECC /* Service */,
				CDC2FB962285A8A700518ECC /* Utils */,
				CDC2FB942285A8A700518ECC /* View */,
				CDC2FB992285A8A700518ECC /* ViewModel */,
				CDC2FB7D2285A81700518ECC /* AppDelegate.swift */,
				CDC2FB812285A81700518ECC /* Main.storyboard */,
				CDC2FB842285A81800518ECC /* Assets.xcassets */,
				CDC2FB862285A81800518ECC /* LaunchScreen.storyboard */,
				CDC2FB892285A81800518ECC /* Info.plist */,
			);
			path = Codable_MVVM_POP;
			sourceTree = "<group>";
		};
		CDC2FB942285A8A700518ECC /* View */ = {
			isa = PBXGroup;
			children = (
				CDC2FB952285A8A700518ECC /* AnimeListCell.swift */,
			);
			path = View;
			sourceTree = "<group>";
		};
		CDC2FB962285A8A700518ECC /* Utils */ = {
			isa = PBXGroup;
			children = (
				CDC2FB972285A8A700518ECC /* Bindable.swift */,
				CDC2FB982285A8A700518ECC /* Extensions+UIView.swift */,
			);
			path = Utils;
			sourceTree = "<group>";
		};
		CDC2FB992285A8A700518ECC /* ViewModel */ = {
			isa = PBXGroup;
			children = (
				CDC2FB9A2285A8A700518ECC /* AnimeViewModel.swift */,
				CDC2FB9B2285A8A700518ECC /* AnimeListViewModel.swift */,
			);
			path = ViewModel;
			sourceTree = "<group>";
		};
		CDC2FB9C2285A8A700518ECC /* Service */ = {
			isa = PBXGroup;
			children = (
				CDC2FB9D2285A8A700518ECC /* AnimeService.swift */,
			);
			path = Service;
			sourceTree = "<group>";
		};
		CDC2FB9E2285A8A800518ECC /* Controller */ = {
			isa = PBXGroup;
			children = (
				CDC2FB9F2285A8A800518ECC /* AnimesController.swift */,
				CDC2FBA02285A8A800518ECC /* DetailsAnimeController.swift */,
			);
			path = Controller;
			sourceTree = "<group>";
		};
		CDC2FBA12285A8A800518ECC /* Model */ = {
			isa = PBXGroup;
			children = (
				CDC2FBA22285A8A800518ECC /* Anime.swift */,
			);
			path = Model;
			sourceTree = "<group>";
		};
/* End PBXGroup section */

/* Begin PBXNativeTarget section */
		CDC2FB792285A81700518ECC /* Codable_MVVM_POP */ = {
			isa = PBXNativeTarget;
			buildConfigurationList = CDC2FB8C2285A81800518ECC /* Build configuration list for PBXNativeTarget "Codable_MVVM_POP" */;
			buildPhases = (
				A79CF36D5FEEF3BE0D381848 /* [CP] Check Pods Manifest.lock */,
				CDC2FB762285A81700518ECC /* Sources */,
				CDC2FB772285A81700518ECC /* Frameworks */,
				CDC2FB782285A81700518ECC /* Resources */,
				6D51EC94A034E493106274F4 /* [CP] Embed Pods Frameworks */,
			);
			buildRules = (
			);
			dependencies = (
			);
			name = Codable_MVVM_POP;
			productName = Codable_MVVM_POP;
			productReference = CDC2FB7A2285A81700518ECC /* Codable_MVVM_POP.app */;
			productType = "com.apple.product-type.application";
		};
/* End PBXNativeTarget section */

/* Begin PBXProject section */
		CDC2FB722285A81700518ECC /* Project object */ = {
			isa = PBXProject;
			attributes = {
				LastSwiftUpdateCheck = 1020;
				LastUpgradeCheck = 1020;
				ORGANIZATIONNAME = OuSS;
				TargetAttributes = {
					CDC2FB792285A81700518ECC = {
						CreatedOnToolsVersion = 10.2.1;
					};
				};
			};
			buildConfigurationList = CDC2FB752285A81700518ECC /* Build configuration list for PBXProject "Codable_MVVM_POP" */;
			compatibilityVersion = "Xcode 9.3";
			developmentRegion = en;
			hasScannedForEncodings = 0;
			knownRegions = (
				en,
				Base,
			);
			mainGroup = CDC2FB712285A81700518ECC;
			productRefGroup = CDC2FB7B2285A81700518ECC /* Products */;
			projectDirPath = "";
			projectRoot = "";
			targets = (
				CDC2FB792285A81700518ECC /* Codable_MVVM_POP */,
			);
		};
/* End PBXProject section */

/* Begin PBXResourcesBuildPhase section */
		CDC2FB782285A81700518ECC /* Resources */ = {
			isa = PBXResourcesBuildPhase;
			buildActionMask = 2147483647;
			files = (
				CDC2FB882285A81800518ECC /* LaunchScreen.storyboard in Resources */,
				CDC2FB852285A81800518ECC /* Assets.xcassets in Resources */,
				CDC2FB832285A81700518ECC /* Main.storyboard in Resources */,
			);
			runOnlyForDeploymentPostprocessing = 0;
		};
/* End PBXResourcesBuildPhase section */

/* Begin PBXShellScriptBuildPhase section */
		6D51EC94A034E493106274F4 /* [CP] Embed Pods Frameworks */ = {
			isa = PBXShellScriptBuildPhase;
			buildActionMask = 2147483647;
			files = (
			);
			inputPaths = (
				"${SRCROOT}/Pods/Target Support Files/Pods-Codable_MVVM_POP/Pods-Codable_MVVM_POP-frameworks.sh",
				"${BUILT_PRODUCTS_DIR}/JGProgressHUD/JGProgressHUD.framework",
				"${BUILT_PRODUCTS_DIR}/SDWebImage/SDWebImage.framework",
			);
			name = "[CP] Embed Pods Frameworks";
			outputPaths = (
				"${TARGET_BUILD_DIR}/${FRAMEWORKS_FOLDER_PATH}/JGProgressHUD.framework",
				"${TARGET_BUILD_DIR}/${FRAMEWORKS_FOLDER_PATH}/SDWebImage.framework",
			);
			runOnlyForDeploymentPostprocessing = 0;
			shellPath = /bin/sh;
			shellScript = "\"${SRCROOT}/Pods/Target Support Files/Pods-Codable_MVVM_POP/Pods-Codable_MVVM_POP-frameworks.sh\"\n";
			showEnvVarsInLog = 0;
		};
		A79CF36D5FEEF3BE0D381848 /* [CP] Check Pods Manifest.lock */ = {
			isa = PBXShellScriptBuildPhase;
			buildActionMask = 2147483647;
			files = (
			);
			inputPaths = (
				"${PODS_PODFILE_DIR_PATH}/Podfile.lock",
				"${PODS_ROOT}/Manifest.lock",
			);
			name = "[CP] Check Pods Manifest.lock";
			outputPaths = (
				"$(DERIVED_FILE_DIR)/Pods-Codable_MVVM_POP-checkManifestLockResult.txt",
			);
			runOnlyForDeploymentPostprocessing = 0;
			shellPath = /bin/sh;
			shellScript = "diff \"${PODS_PODFILE_DIR_PATH}/Podfile.lock\" \"${PODS_ROOT}/Manifest.lock\" > /dev/null\nif [ $? != 0 ] ; then\n    # print error to STDERR\n    echo \"error: The sandbox is not in sync with the Podfile.lock. Run 'pod install' or update your CocoaPods installation.\" >&2\n    exit 1\nfi\n# This output is used by Xcode 'outputs' to avoid re-running this script phase.\necho \"SUCCESS\" > \"${SCRIPT_OUTPUT_FILE_0}\"\n";
			showEnvVarsInLog = 0;
		};
/* End PBXShellScriptBuildPhase section */

/* Begin PBXSourcesBuildPhase section */
		CDC2FB762285A81700518ECC /* Sources */ = {
			isa = PBXSourcesBuildPhase;
			buildActionMask = 2147483647;
			files = (
				CDC2FBA62285A8A800518ECC /* AnimeViewModel.swift in Sources */,
				CDC2FBA72285A8A800518ECC /* AnimeListViewModel.swift in Sources */,
				CDC2FBA92285A8A800518ECC /* AnimesController.swift in Sources */,
				CDC2FBA82285A8A800518ECC /* AnimeService.swift in Sources */,
				CDC2FBAA2285A8A800518ECC /* DetailsAnimeController.swift in Sources */,
				CDC2FBA32285A8A800518ECC /* AnimeListCell.swift in Sources */,
				CDC2FBAB2285A8A800518ECC /* Anime.swift in Sources */,
				CDC2FB7E2285A81700518ECC /* AppDelegate.swift in Sources */,
				CDC2FBA52285A8A800518ECC /* Extensions+UIView.swift in Sources */,
				CDC2FBA42285A8A800518ECC /* Bindable.swift in Sources */,
			);
			runOnlyForDeploymentPostprocessing = 0;
		};
/* End PBXSourcesBuildPhase section */

/* Begin PBXVariantGroup section */
		CDC2FB812285A81700518ECC /* Main.storyboard */ = {
			isa = PBXVariantGroup;
			children = (
				CDC2FB822285A81700518ECC /* Base */,
			);
			name = Main.storyboard;
			sourceTree = "<group>";
		};
		CDC2FB862285A81800518ECC /* LaunchScreen.storyboard */ = {
			isa = PBXVariantGroup;
			children = (
				CDC2FB872285A81800518ECC /* Base */,
			);
			name = LaunchScreen.storyboard;
			sourceTree = "<group>";
		};
/* End PBXVariantGroup section */

/* Begin XCBuildConfiguration section */
		CDC2FB8A2285A81800518ECC /* Debug */ = {
			isa = XCBuildConfiguration;
			buildSettings = {
				ALWAYS_SEARCH_USER_PATHS = NO;
				CLANG_ANALYZER_NONNULL = YES;
				CLANG_ANALYZER_NUMBER_OBJECT_CONVERSION = YES_AGGRESSIVE;
				CLANG_CXX_LANGUAGE_STANDARD = "gnu++14";
				CLANG_CXX_LIBRARY = "libc++";
				CLANG_ENABLE_MODULES = YES;
				CLANG_ENABLE_OBJC_ARC = YES;
				CLANG_ENABLE_OBJC_WEAK = YES;
				CLANG_WARN_BLOCK_CAPTURE_AUTORELEASING = YES;
				CLANG_WARN_BOOL_CONVERSION = YES;
				CLANG_WARN_COMMA = YES;
				CLANG_WARN_CONSTANT_CONVERSION = YES;
				CLANG_WARN_DEPRECATED_OBJC_IMPLEMENTATIONS = YES;
				CLANG_WARN_DIRECT_OBJC_ISA_USAGE = YES_ERROR;
				CLANG_WARN_DOCUMENTATION_COMMENTS = YES;
				CLANG_WARN_EMPTY_BODY = YES;
				CLANG_WARN_ENUM_CONVERSION = YES;
				CLANG_WARN_INFINITE_RECURSION = YES;
				CLANG_WARN_INT_CONVERSION = YES;
				CLANG_WARN_NON_LITERAL_NULL_CONVERSION = YES;
				CLANG_WARN_OBJC_IMPLICIT_RETAIN_SELF = YES;
				CLANG_WARN_OBJC_LITERAL_CONVERSION = YES;
				CLANG_WARN_OBJC_ROOT_CLASS = YES_ERROR;
				CLANG_WARN_RANGE_LOOP_ANALYSIS = YES;
				CLANG_WARN_STRICT_PROTOTYPES = YES;
				CLANG_WARN_SUSPICIOUS_MOVE = YES;
				CLANG_WARN_UNGUARDED_AVAILABILITY = YES_AGGRESSIVE;
				CLANG_WARN_UNREACHABLE_CODE = YES;
				CLANG_WARN__DUPLICATE_METHOD_MATCH = YES;
				CODE_SIGN_IDENTITY = "iPhone Developer";
				COPY_PHASE_STRIP = NO;
				DEBUG_INFORMATION_FORMAT = dwarf;
				ENABLE_STRICT_OBJC_MSGSEND = YES;
				ENABLE_TESTABILITY = YES;
				GCC_C_LANGUAGE_STANDARD = gnu11;
				GCC_DYNAMIC_NO_PIC = NO;
				GCC_NO_COMMON_BLOCKS = YES;
				GCC_OPTIMIZATION_LEVEL = 0;
				GCC_PREPROCESSOR_DEFINITIONS = (
					"DEBUG=1",
					"$(inherited)",
				);
				GCC_WARN_64_TO_32_BIT_CONVERSION = YES;
				GCC_WARN_ABOUT_RETURN_TYPE = YES_ERROR;
				GCC_WARN_UNDECLARED_SELECTOR = YES;
				GCC_WARN_UNINITIALIZED_AUTOS = YES_AGGRESSIVE;
				GCC_WARN_UNUSED_FUNCTION = YES;
				GCC_WARN_UNUSED_VARIABLE = YES;
				IPHONEOS_DEPLOYMENT_TARGET = 12.2;
				MTL_ENABLE_DEBUG_INFO = INCLUDE_SOURCE;
				MTL_FAST_MATH = YES;
				ONLY_ACTIVE_ARCH = YES;
				SDKROOT = iphoneos;
				SWIFT_ACTIVE_COMPILATION_CONDITIONS = DEBUG;
				SWIFT_OPTIMIZATION_LEVEL = "-Onone";
			};
			name = Debug;
		};
		CDC2FB8B2285A81800518ECC /* Release */ = {
			isa = XCBuildConfiguration;
			buildSettings = {
				ALWAYS_SEARCH_USER_PATHS = NO;
				CLANG_ANALYZER_NONNULL = YES;
				CLANG_ANALYZER_NUMBER_OBJECT_CONVERSION = YES_AGGRESSIVE;
				CLANG_CXX_LANGUAGE_STANDARD = "gnu++14";
				CLANG_CXX_LIBRARY = "libc++";
				CLANG_ENABLE_MODULES = YES;
				CLANG_ENABLE_OBJC_ARC = YES;
				CLANG_ENABLE_OBJC_WEAK = YES;
				CLANG_WARN_BLOCK_CAPTURE_AUTORELEASING = YES;
				CLANG_WARN_BOOL_CONVERSION = YES;
				CLANG_WARN_COMMA = YES;
				CLANG_WARN_CONSTANT_CONVERSION = YES;
				CLANG_WARN_DEPRECATED_OBJC_IMPLEMENTATIONS = YES;
				CLANG_WARN_DIRECT_OBJC_ISA_USAGE = YES_ERROR;
				CLANG_WARN_DOCUMENTATION_COMMENTS = YES;
				CLANG_WARN_EMPTY_BODY = YES;
				CLANG_WARN_ENUM_CONVERSION = YES;
				CLANG_WARN_INFINITE_RECURSION = YES;
				CLANG_WARN_INT_CONVERSION = YES;
				CLANG_WARN_NON_LITERAL_NULL_CONVERSION = YES;
				CLANG_WARN_OBJC_IMPLICIT_RETAIN_SELF = YES;
				CLANG_WARN_OBJC_LITERAL_CONVERSION = YES;
				CLANG_WARN_OBJC_ROOT_CLASS = YES_ERROR;
				CLANG_WARN_RANGE_LOOP_ANALYSIS = YES;
				CLANG_WARN_STRICT_PROTOTYPES = YES;
				CLANG_WARN_SUSPICIOUS_MOVE = YES;
				CLANG_WARN_UNGUARDED_AVAILABILITY = YES_AGGRESSIVE;
				CLANG_WARN_UNREACHABLE_CODE = YES;
				CLANG_WARN__DUPLICATE_METHOD_MATCH = YES;
				CODE_SIGN_IDENTITY = "iPhone Developer";
				COPY_PHASE_STRIP = NO;
				DEBUG_INFORMATION_FORMAT = "dwarf-with-dsym";
				ENABLE_NS_ASSERTIONS = NO;
				ENABLE_STRICT_OBJC_MSGSEND = YES;
				GCC_C_LANGUAGE_STANDARD = gnu11;
				GCC_NO_COMMON_BLOCKS = YES;
				GCC_WARN_64_TO_32_BIT_CONVERSION = YES;
				GCC_WARN_ABOUT_RETURN_TYPE = YES_ERROR;
				GCC_WARN_UNDECLARED_SELECTOR = YES;
				GCC_WARN_UNINITIALIZED_AUTOS = YES_AGGRESSIVE;
				GCC_WARN_UNUSED_FUNCTION = YES;
				GCC_WARN_UNUSED_VARIABLE = YES;
				IPHONEOS_DEPLOYMENT_TARGET = 12.2;
				MTL_ENABLE_DEBUG_INFO = NO;
				MTL_FAST_MATH = YES;
				SDKROOT = iphoneos;
				SWIFT_COMPILATION_MODE = wholemodule;
				SWIFT_OPTIMIZATION_LEVEL = "-O";
				VALIDATE_PRODUCT = YES;
			};
			name = Release;
		};
		CDC2FB8D2285A81800518ECC /* Debug */ = {
			isa = XCBuildConfiguration;
			baseConfigurationReference = 59214D5C73851DE448133796 /* Pods-Codable_MVVM_POP.debug.xcconfig */;
			buildSettings = {
				ASSETCATALOG_COMPILER_APPICON_NAME = AppIcon;
				CODE_SIGN_STYLE = Automatic;
				INFOPLIST_FILE = Codable_MVVM_POP/Info.plist;
				LD_RUNPATH_SEARCH_PATHS = (
					"$(inherited)",
					"@executable_path/Frameworks",
				);
				PRODUCT_BUNDLE_IDENTIFIER = "com.ouss.Codable-MVVM-POP";
				PRODUCT_NAME = "$(TARGET_NAME)";
				SWIFT_VERSION = 5.0;
				TARGETED_DEVICE_FAMILY = "1,2";
			};
			name = Debug;
		};
		CDC2FB8E2285A81800518ECC /* Release */ = {
			isa = XCBuildConfiguration;
			baseConfigurationReference = DF45747848E0EA79E3672111 /* Pods-Codable_MVVM_POP.release.xcconfig */;
			buildSettings = {
				ASSETCATALOG_COMPILER_APPICON_NAME = AppIcon;
				CODE_SIGN_STYLE = Automatic;
				INFOPLIST_FILE = Codable_MVVM_POP/Info.plist;
				LD_RUNPATH_SEARCH_PATHS = (
					"$(inherited)",
					"@executable_path/Frameworks",
				);
				PRODUCT_BUNDLE_IDENTIFIER = "com.ouss.Codable-MVVM-POP";
				PRODUCT_NAME = "$(TARGET_NAME)";
				SWIFT_VERSION = 5.0;
				TARGETED_DEVICE_FAMILY = "1,2";
			};
			name = Release;
		};
/* End XCBuildConfiguration section */

/* Begin XCConfigurationList section */
		CDC2FB752285A81700518ECC /* Build configuration list for PBXProject "Codable_MVVM_POP" */ = {
			isa = XCConfigurationList;
			buildConfigurations = (
				CDC2FB8A2285A81800518ECC /* Debug */,
				CDC2FB8B2285A81800518ECC /* Release */,
			);
			defaultConfigurationIsVisible = 0;
			defaultConfigurationName = Release;
		};
		CDC2FB8C2285A81800518ECC /* Build configuration list for PBXNativeTarget "Codable_MVVM_POP" */ = {
			isa = XCConfigurationList;
			buildConfigurations = (
				CDC2FB8D2285A81800518ECC /* Debug */,
				CDC2FB8E2285A81800518ECC /* Release */,
			);
			defaultConfigurationIsVisible = 0;
			defaultConfigurationName = Release;
		};
/* End XCConfigurationList section */
	};
	rootObject = CDC2FB722285A81700518ECC /* Project object */;
}
